
Microsoft Visual Studio Solution File, Format Version 12.00
# Visual Studio 15
VisualStudioVersion = 15.0.28307.572
MinimumVisualStudioVersion = 10.0.40219.1
Project("{9A19103F-16F7-4668-BE54-9A1E7A4F7556}") = "ZohoSignAPI", "ZohoSignAPI\ZohoSignAPI.csproj", "{5DFDA957-C349-4B49-9783-683B9D1C758D}"
EndProject
Global
	GlobalSection(SolutionConfigurationPlatforms) = preSolution
		Debug|Any CPU = Debug|Any CPU
		Release|Any CPU = Release|Any CPU
	EndGlobalSection
	GlobalSection(ProjectConfigurationPlatforms) = postSolution
		{5DFDA957-C349-4B49-9783-683B9D1C758D}.Debug|Any CPU.ActiveCfg = Debug|Any CPU
		{5DFDA957-C349-4B49-9783-683B9D1C758D}.Debug|Any CPU.Build.0 = Debug|Any CPU
		{5DFDA957-C349-4B49-9783-683B9D1C758D}.Release|Any CPU.ActiveCfg = Release|Any CPU
		{5DFDA957-C349-4B49-9783-683B9D1C758D}.Release|Any CPU.Build.0 = Release|Any CPU
	EndGlobalSection
	GlobalSection(SolutionProperties) = preSolution
		HideSolutionNode = FALSE
	EndGlobalSection
	GlobalSection(ExtensibilityGlobals) = postSolution
		SolutionGuid = {D991E25A-19B3-467A-932A-D4B8CD36A586}
	EndGlobalSection
EndGlobal
